github.com/hybridgroup/mechanoid v0.2.0 h1:2Kg3c0cK9JK8ZeJkiN+l2o4B0QJYnNHkNEKraMFOugQ=
github.com/hybridgroup/mechanoid v0.2.0/go.mod h1:7jQEJ0blXXbIcqmu2/d7vSxWL5Dxbt18zZirJ35OeXc=
go.bytecodealliance.org v0.4.0 h1:SRwgZIcXR54AmbJg9Y3AMgDlZlvD8dffteBYW+nCD3k=
go.bytecodealliance.org v0.4.0/go.mod h1:hkdjfgQ/bFZYUucnm9cn0Q8/SHO3iT0rzskYlkV4Jy0=
