github.com/orsinium-labs/tinytest v1.0.0 h1:YiGm/whlGm3mn/ynx9CCFuvEa3Q6yEGrzrKXEqJOkdc=
github.com/orsinium-labs/tinytest v1.0.0/go.mod h1:GwcYBp0aKi6zujzBXFpCnqw6RSLSp9JSedDyu/V1DF4=
github.com/orsinium-labs/wypes v0.3.0 h1:kp1NK0SYxh0nNcsiNPI+mSIGZeVfwxEqsWpYg2ooXP0=
github.com/orsinium-labs/wypes v0.3.0/go.mod h1:FSNWGo8I6/D5RYXMkCxyu71TXJAlwJGQUxgs4i6MAwo=
github.com/tetratelabs/wazero v1.8.1 h1:NrcgVbWfkWvVc4UtT4LRLDf91PsOzDzefMdwhLfA550=
github.com/tetratelabs/wazero v1.8.1/go.mod h1:yAI0XTsMBhREkM/YDAK/zNou3GoiAce1P6+rp/wQhjs=
gocv.io/x/gocv v0.39.0 h1:vWHupDE22LebZW6id2mVeT767j1YS8WqGt+ZiV7XJXE=
gocv.io/x/gocv v0.39.0/go.mod h1:zYdWMj29WAEznM3Y8NsU3A0TRq/wR/cy75jeUypThqU=
